// !$*UTF8*$!
{
	archiveVersion = 1;
	classes = {
	};
	objectVersion = 46;
	objects = {

/* Begin PBXBuildFile section */
		600737201EFDE0BC0038BDEB /* HomeViewController.swift in Sources */ = {isa = PBXBuildFile; fileRef = 6007371F1EFDE0BC0038BDEB /* HomeViewController.swift */; };
		600737221EFDE0CD0038BDEB /* FindFriendsViewController.swift in Sources */ = {isa = PBXBuildFile; fileRef = 600737211EFDE0CD0038BDEB /* FindFriendsViewController.swift */; };
		601993701EFD76C4002DB9A6 /* UserService.swift in Sources */ = {isa = PBXBuildFile; fileRef = 6019936F1EFD76C4002DB9A6 /* UserService.swift */; };
		601993731EFD94A4002DB9A6 /* Constants.swift in Sources */ = {isa = PBXBuildFile; fileRef = 601993721EFD94A4002DB9A6 /* Constants.swift */; };
		601993751EFD98B4002DB9A6 /* Storyboard+Utility.swift in Sources */ = {isa = PBXBuildFile; fileRef = 601993741EFD98B4002DB9A6 /* Storyboard+Utility.swift */; };
		60CA72C41EFC4B3E00A8F8D2 /* AppDelegate.swift in Sources */ = {isa = PBXBuildFile; fileRef = 60CA72C31EFC4B3E00A8F8D2 /* AppDelegate.swift */; };
		60CA72CB1EFC4B3E00A8F8D2 /* Assets.xcassets in Resources */ = {isa = PBXBuildFile; fileRef = 60CA72CA1EFC4B3E00A8F8D2 /* Assets.xcassets */; };
		60CA72DB1EFC5B5400A8F8D2 /* LaunchScreen.storyboard in Resources */ = {isa = PBXBuildFile; fileRef = 60CA72D91EFC5B5400A8F8D2 /* LaunchScreen.storyboard */; };
		60CA72DC1EFC5B5400A8F8D2 /* Main.storyboard in Resources */ = {isa = PBXBuildFile; fileRef = 60CA72DA1EFC5B5400A8F8D2 /* Main.storyboard */; };
		60CA72E51EFC5CAB00A8F8D2 /* Login.storyboard in Resources */ = {isa = PBXBuildFile; fileRef = 60CA72E41EFC5CAB00A8F8D2 /* Login.storyboard */; };
		60CA72E71EFC5CE700A8F8D2 /* LoginViewController.swift in Sources */ = {isa = PBXBuildFile; fileRef = 60CA72E61EFC5CE700A8F8D2 /* LoginViewController.swift */; };
		60CA72EB1EFC716900A8F8D2 /* GoogleService-Info.plist in Resources */ = {isa = PBXBuildFile; fileRef = 60CA72EA1EFC716900A8F8D2 /* GoogleService-Info.plist */; };
		60CA72ED1EFC84CD00A8F8D2 /* User.swift in Sources */ = {isa = PBXBuildFile; fileRef = 60CA72EC1EFC84CD00A8F8D2 /* User.swift */; };
		60CA72F01EFC8F1800A8F8D2 /* CreateUsernameViewController.swift in Sources */ = {isa = PBXBuildFile; fileRef = 60CA72EF1EFC8F1800A8F8D2 /* CreateUsernameViewController.swift */; };
		60F066061F017973005454C1 /* MainTabBarController.swift in Sources */ = {isa = PBXBuildFile; fileRef = 60F066051F017973005454C1 /* MainTabBarController.swift */; };
		60F066091F017DE2005454C1 /* MGPhotoHelper.swift in Sources */ = {isa = PBXBuildFile; fileRef = 60F066081F017DE1005454C1 /* MGPhotoHelper.swift */; };
		60F0660C1F01A233005454C1 /* StorageService.swift in Sources */ = {isa = PBXBuildFile; fileRef = 60F0660B1F01A233005454C1 /* StorageService.swift */; };
		60F0660E1F01A8D5005454C1 /* PostService.swift in Sources */ = {isa = PBXBuildFile; fileRef = 60F0660D1F01A8D5005454C1 /* PostService.swift */; };
		60F066101F01AC99005454C1 /* Post.swift in Sources */ = {isa = PBXBuildFile; fileRef = 60F0660F1F01AC99005454C1 /* Post.swift */; };
		60F066121F01B347005454C1 /* UIImage+Size.swift in Sources */ = {isa = PBXBuildFile; fileRef = 60F066111F01B347005454C1 /* UIImage+Size.swift */; };
		60F066141F01B448005454C1 /* StorageReference+Post.swift in Sources */ = {isa = PBXBuildFile; fileRef = 60F066131F01B448005454C1 /* StorageReference+Post.swift */; };
		86AD0784D065ED9606FC2D26 /* Pods_Makestagram.framework in Frameworks */ = {isa = PBXBuildFile; fileRef = 455B7D8AEFAAAB5A026CE4BC /* Pods_Makestagram.framework */; };
/* End PBXBuildFile section */

/* Begin PBXFileReference section */
		1F5A937F0BE93B02C93AF9F5 /* Pods-Makestagram.release.xcconfig */ = {isa = PBXFileReference; includeInIndex = 1; lastKnownFileType = text.xcconfig; name = "Pods-Makestagram.release.xcconfig"; path = "Pods/Target Support Files/Pods-Makestagram/Pods-Makestagram.release.xcconfig"; sourceTree = "<group>"; };
		455B7D8AEFAAAB5A026CE4BC /* Pods_Makestagram.framework */ = {isa = PBXFileReference; explicitFileType = wrapper.framework; includeInIndex = 0; path = Pods_Makestagram.framework; sourceTree = BUILT_PRODUCTS_DIR; };
		6007371F1EFDE0BC0038BDEB /* HomeViewController.swift */ = {isa = PBXFileReference; fileEncoding = 4; lastKnownFileType = sourcecode.swift; name = HomeViewController.swift; path = Controllers/HomeViewController.swift; sourceTree = "<group>"; };
		600737211EFDE0CD0038BDEB /* FindFriendsViewController.swift */ = {isa = PBXFileReference; fileEncoding = 4; lastKnownFileType = sourcecode.swift; name = FindFriendsViewController.swift; path = Controllers/FindFriendsViewController.swift; sourceTree = "<group>"; };
		6019936F1EFD76C4002DB9A6 /* UserService.swift */ = {isa = PBXFileReference; fileEncoding = 4; lastKnownFileType = sourcecode.swift; name = UserService.swift; path = Services/UserService.swift; sourceTree = "<group>"; };
		601993721EFD94A4002DB9A6 /* Constants.swift */ = {isa = PBXFileReference; fileEncoding = 4; lastKnownFileType = sourcecode.swift; name = Constants.swift; path = Supporting/Constants.swift; sourceTree = "<group>"; };
		601993741EFD98B4002DB9A6 /* Storyboard+Utility.swift */ = {isa = PBXFileReference; fileEncoding = 4; lastKnownFileType = sourcecode.swift; name = "Storyboard+Utility.swift"; path = "Extensions/Storyboard+Utility.swift"; sourceTree = "<group>"; };
		60CA72C01EFC4B3E00A8F8D2 /* Makestagram.app */ = {isa = PBXFileReference; explicitFileType = wrapper.application; includeInIndex = 0; path = Makestagram.app; sourceTree = BUILT_PRODUCTS_DIR; };
		60CA72C31EFC4B3E00A8F8D2 /* AppDelegate.swift */ = {isa = PBXFileReference; lastKnownFileType = sourcecode.swift; path = AppDelegate.swift; sourceTree = "<group>"; };
		60CA72CA1EFC4B3E00A8F8D2 /* Assets.xcassets */ = {isa = PBXFileReference; lastKnownFileType = folder.assetcatalog; path = Assets.xcassets; sourceTree = "<group>"; };
		60CA72D91EFC5B5400A8F8D2 /* LaunchScreen.storyboard */ = {isa = PBXFileReference; fileEncoding = 4; lastKnownFileType = file.storyboard; name = LaunchScreen.storyboard; path = Storyboards/LaunchScreen.storyboard; sourceTree = "<group>"; };
		60CA72DA1EFC5B5400A8F8D2 /* Main.storyboard */ = {isa = PBXFileReference; fileEncoding = 4; lastKnownFileType = file.storyboard; name = Main.storyboard; path = Storyboards/Main.storyboard; sourceTree = "<group>"; };
		60CA72DE1EFC5B5E00A8F8D2 /* Info.plist */ = {isa = PBXFileReference; fileEncoding = 4; lastKnownFileType = text.plist.xml; name = Info.plist; path = Supporting/Info.plist; sourceTree = "<group>"; };
		60CA72E41EFC5CAB00A8F8D2 /* Login.storyboard */ = {isa = PBXFileReference; fileEncoding = 4; lastKnownFileType = file.storyboard; name = Login.storyboard; path = Storyboards/Login.storyboard; sourceTree = "<group>"; };
		60CA72E61EFC5CE700A8F8D2 /* LoginViewController.swift */ = {isa = PBXFileReference; fileEncoding = 4; lastKnownFileType = sourcecode.swift; name = LoginViewController.swift; path = Controllers/LoginViewController.swift; sourceTree = "<group>"; };
		60CA72EA1EFC716900A8F8D2 /* GoogleService-Info.plist */ = {isa = PBXFileReference; fileEncoding = 4; lastKnownFileType = text.plist.xml; name = "GoogleService-Info.plist"; path = "Supporting/GoogleService-Info.plist"; sourceTree = "<group>"; };
		60CA72EC1EFC84CD00A8F8D2 /* User.swift */ = {isa = PBXFileReference; fileEncoding = 4; lastKnownFileType = sourcecode.swift; name = User.swift; path = Models/User.swift; sourceTree = "<group>"; };
		60CA72EF1EFC8F1800A8F8D2 /* CreateUsernameViewController.swift */ = {isa = PBXFileReference; fileEncoding = 4; lastKnownFileType = sourcecode.swift; name = CreateUsernameViewController.swift; path = Controllers/CreateUsernameViewController.swift; sourceTree = "<group>"; };
		60F066051F017973005454C1 /* MainTabBarController.swift */ = {isa = PBXFileReference; fileEncoding = 4; lastKnownFileType = sourcecode.swift; name = MainTabBarController.swift; path = Controllers/MainTabBarController.swift; sourceTree = "<group>"; };
		60F066081F017DE1005454C1 /* MGPhotoHelper.swift */ = {isa = PBXFileReference; fileEncoding = 4; lastKnownFileType = sourcecode.swift; name = MGPhotoHelper.swift; path = Helpers/MGPhotoHelper.swift; sourceTree = "<group>"; };
		60F0660B1F01A233005454C1 /* StorageService.swift */ = {isa = PBXFileReference; fileEncoding = 4; lastKnownFileType = sourcecode.swift; name = StorageService.swift; path = Services/StorageService.swift; sourceTree = "<group>"; };
		60F0660D1F01A8D5005454C1 /* PostService.swift */ = {isa = PBXFileReference; fileEncoding = 4; lastKnownFileType = sourcecode.swift; name = PostService.swift; path = Services/PostService.swift; sourceTree = "<group>"; };
		60F0660F1F01AC99005454C1 /* Post.swift */ = {isa = PBXFileReference; fileEncoding = 4; lastKnownFileType = sourcecode.swift; name = Post.swift; path = Models/Post.swift; sourceTree = "<group>"; };
		60F066111F01B347005454C1 /* UIImage+Size.swift */ = {isa = PBXFileReference; fileEncoding = 4; lastKnownFileType = sourcecode.swift; name = "UIImage+Size.swift"; path = "Extensions/UIImage+Size.swift"; sourceTree = "<group>"; };
		60F066131F01B448005454C1 /* StorageReference+Post.swift */ = {isa = PBXFileReference; fileEncoding = 4; lastKnownFileType = sourcecode.swift; name = "StorageReference+Post.swift"; path = "Extensions/StorageReference+Post.swift"; sourceTree = "<group>"; };
		DCB80F82E8D02AE928C44E1A /* Pods-Makestagram.debug.xcconfig */ = {isa = PBXFileReference; includeInIndex = 1; lastKnownFileType = text.xcconfig; name = "Pods-Makestagram.debug.xcconfig"; path = "Pods/Target Support Files/Pods-Makestagram/Pods-Makestagram.debug.xcconfig"; sourceTree = "<group>"; };
/* End PBXFileReference section */

/* Begin PBXFrameworksBuildPhase section */
		60CA72BD1EFC4B3E00A8F8D2 /* Frameworks */ = {
			isa = PBXFrameworksBuildPhase;
			buildActionMask = 2147483647;
			files = (
				86AD0784D065ED9606FC2D26 /* Pods_Makestagram.framework in Frameworks */,
			);
			runOnlyForDeploymentPostprocessing = 0;
		};
/* End PBXFrameworksBuildPhase section */

/* Begin PBXGroup section */
		601993711EFD76C8002DB9A6 /* Services */ = {
			isa = PBXGroup;
			children = (
				6019936F1EFD76C4002DB9A6 /* UserService.swift */,
				60F0660B1F01A233005454C1 /* StorageService.swift */,
				60F0660D1F01A8D5005454C1 /* PostService.swift */,
			);
			name = Services;
			sourceTree = "<group>";
		};
		601993761EFD98B9002DB9A6 /* Extensions */ = {
			isa = PBXGroup;
			children = (
				601993741EFD98B4002DB9A6 /* Storyboard+Utility.swift */,
				60F066111F01B347005454C1 /* UIImage+Size.swift */,
				60F066131F01B448005454C1 /* StorageReference+Post.swift */,
			);
			name = Extensions;
			sourceTree = "<group>";
		};
		60CA72B71EFC4B3E00A8F8D2 = {
			isa = PBXGroup;
			children = (
				60CA72C21EFC4B3E00A8F8D2 /* Makestagram */,
				60CA72C11EFC4B3E00A8F8D2 /* Products */,
				B04D1EEBCE9A00BFB895446D /* Pods */,
				A8AD4259D96EEE4870BCA3A9 /* Frameworks */,
			);
			sourceTree = "<group>";
		};
		60CA72C11EFC4B3E00A8F8D2 /* Products */ = {
			isa = PBXGroup;
			children = (
				60CA72C01EFC4B3E00A8F8D2 /* Makestagram.app */,
			);
			name = Products;
			sourceTree = "<group>";
		};
		60CA72C21EFC4B3E00A8F8D2 /* Makestagram */ = {
			isa = PBXGroup;
			children = (
				60CA72C31EFC4B3E00A8F8D2 /* AppDelegate.swift */,
				60CA72E31EFC5C4800A8F8D2 /* View Controllers */,
				60CA72E21EFC5C4000A8F8D2 /* Storyboards */,
				60CA72CA1EFC4B3E00A8F8D2 /* Assets.xcassets */,
				60CA72EE1EFC84D700A8F8D2 /* Models */,
				60CA72E11EFC5C3300A8F8D2 /* Supporting Files */,
				601993711EFD76C8002DB9A6 /* Services */,
				601993761EFD98B9002DB9A6 /* Extensions */,
				60F0660A1F017DE6005454C1 /* Helpers */,
			);
			path = Makestagram;
			sourceTree = "<group>";
		};
		60CA72E11EFC5C3300A8F8D2 /* Supporting Files */ = {
			isa = PBXGroup;
			children = (
				60CA72D91EFC5B5400A8F8D2 /* LaunchScreen.storyboard */,
				60CA72DE1EFC5B5E00A8F8D2 /* Info.plist */,
				60CA72EA1EFC716900A8F8D2 /* GoogleService-Info.plist */,
				601993721EFD94A4002DB9A6 /* Constants.swift */,
			);
			name = "Supporting Files";
			sourceTree = "<group>";
		};
		60CA72E21EFC5C4000A8F8D2 /* Storyboards */ = {
			isa = PBXGroup;
			children = (
				60CA72DA1EFC5B5400A8F8D2 /* Main.storyboard */,
				60CA72E41EFC5CAB00A8F8D2 /* Login.storyboard */,
			);
			name = Storyboards;
			sourceTree = "<group>";
		};
		60CA72E31EFC5C4800A8F8D2 /* View Controllers */ = {
			isa = PBXGroup;
			children = (
				60CA72E61EFC5CE700A8F8D2 /* LoginViewController.swift */,
				60CA72EF1EFC8F1800A8F8D2 /* CreateUsernameViewController.swift */,
				6007371F1EFDE0BC0038BDEB /* HomeViewController.swift */,
				600737211EFDE0CD0038BDEB /* FindFriendsViewController.swift */,
				60F066051F017973005454C1 /* MainTabBarController.swift */,
			);
			name = "View Controllers";
			sourceTree = "<group>";
		};
		60CA72EE1EFC84D700A8F8D2 /* Models */ = {
			isa = PBXGroup;
			children = (
				60CA72EC1EFC84CD00A8F8D2 /* User.swift */,
				60F0660F1F01AC99005454C1 /* Post.swift */,
			);
			name = Models;
			sourceTree = "<group>";
		};
		60F0660A1F017DE6005454C1 /* Helpers */ = {
			isa = PBXGroup;
			children = (
				60F066081F017DE1005454C1 /* MGPhotoHelper.swift */,
			);
			name = Helpers;
			sourceTree = "<group>";
		};
		A8AD4259D96EEE4870BCA3A9 /* Frameworks */ = {
			isa = PBXGroup;
			children = (
				455B7D8AEFAAAB5A026CE4BC /* Pods_Makestagram.framework */,
			);
			name = Frameworks;
			sourceTree = "<group>";
		};
		B04D1EEBCE9A00BFB895446D /* Pods */ = {
			isa = PBXGroup;
			children = (
				DCB80F82E8D02AE928C44E1A /* Pods-Makestagram.debug.xcconfig */,
				1F5A937F0BE93B02C93AF9F5 /* Pods-Makestagram.release.xcconfig */,
			);
			name = Pods;
			sourceTree = "<group>";
		};
/* End PBXGroup section */

/* Begin PBXNativeTarget section */
		60CA72BF1EFC4B3E00A8F8D2 /* Makestagram */ = {
			isa = PBXNativeTarget;
			buildConfigurationList = 60CA72D21EFC4B3E00A8F8D2 /* Build configuration list for PBXNativeTarget "Makestagram" */;
			buildPhases = (
				30A6E38C5808B161B82ABDD3 /* [CP] Check Pods Manifest.lock */,
				60CA72BC1EFC4B3E00A8F8D2 /* Sources */,
				60CA72BD1EFC4B3E00A8F8D2 /* Frameworks */,
				60CA72BE1EFC4B3E00A8F8D2 /* Resources */,
				B8BD149AA54D26B8726F7435 /* [CP] Embed Pods Frameworks */,
				F88896C2F6959C7837CEF313 /* [CP] Copy Pods Resources */,
			);
			buildRules = (
			);
			dependencies = (
			);
			name = Makestagram;
			productName = Makestagram;
			productReference = 60CA72C01EFC4B3E00A8F8D2 /* Makestagram.app */;
			productType = "com.apple.product-type.application";
		};
/* End PBXNativeTarget section */

/* Begin PBXProject section */
		60CA72B81EFC4B3E00A8F8D2 /* Project object */ = {
			isa = PBXProject;
			attributes = {
				LastSwiftUpdateCheck = 0830;
				LastUpgradeCheck = 0830;
				ORGANIZATIONNAME = "Jacob Kim";
				TargetAttributes = {
					60CA72BF1EFC4B3E00A8F8D2 = {
						CreatedOnToolsVersion = 8.3.3;
						DevelopmentTeam = VC465BEP2A;
						ProvisioningStyle = Automatic;
					};
				};
			};
			buildConfigurationList = 60CA72BB1EFC4B3E00A8F8D2 /* Build configuration list for PBXProject "Makestagram" */;
			compatibilityVersion = "Xcode 3.2";
			developmentRegion = English;
			hasScannedForEncodings = 0;
			knownRegions = (
				en,
				Base,
			);
			mainGroup = 60CA72B71EFC4B3E00A8F8D2;
			productRefGroup = 60CA72C11EFC4B3E00A8F8D2 /* Products */;
			projectDirPath = "";
			projectRoot = "";
			targets = (
				60CA72BF1EFC4B3E00A8F8D2 /* Makestagram */,
			);
		};
/* End PBXProject section */

/* Begin PBXResourcesBuildPhase section */
		60CA72BE1EFC4B3E00A8F8D2 /* Resources */ = {
			isa = PBXResourcesBuildPhase;
			buildActionMask = 2147483647;
			files = (
				60CA72DC1EFC5B5400A8F8D2 /* Main.storyboard in Resources */,
				60CA72CB1EFC4B3E00A8F8D2 /* Assets.xcassets in Resources */,
				60CA72EB1EFC716900A8F8D2 /* GoogleService-Info.plist in Resources */,
				60CA72E51EFC5CAB00A8F8D2 /* Login.storyboard in Resources */,
				60CA72DB1EFC5B5400A8F8D2 /* LaunchScreen.storyboard in Resources */,
			);
			runOnlyForDeploymentPostprocessing = 0;
		};
/* End PBXResourcesBuildPhase section */

/* Begin PBXShellScriptBuildPhase section */
		30A6E38C5808B161B82ABDD3 /* [CP] Check Pods Manifest.lock */ = {
			isa = PBXShellScriptBuildPhase;
			buildActionMask = 2147483647;
			files = (
			);
			inputPaths = (
			);
			name = "[CP] Check Pods Manifest.lock";
			outputPaths = (
			);
			runOnlyForDeploymentPostprocessing = 0;
			shellPath = /bin/sh;
			shellScript = "diff \"${PODS_PODFILE_DIR_PATH}/Podfile.lock\" \"${PODS_ROOT}/Manifest.lock\" > /dev/null\nif [ $? != 0 ] ; then\n    # print error to STDERR\n    echo \"error: The sandbox is not in sync with the Podfile.lock. Run 'pod install' or update your CocoaPods installation.\" >&2\n    exit 1\nfi\n";
			showEnvVarsInLog = 0;
		};
		B8BD149AA54D26B8726F7435 /* [CP] Embed Pods Frameworks */ = {
			isa = PBXShellScriptBuildPhase;
			buildActionMask = 2147483647;
			files = (
			);
			inputPaths = (
			);
			name = "[CP] Embed Pods Frameworks";
			outputPaths = (
			);
			runOnlyForDeploymentPostprocessing = 0;
			shellPath = /bin/sh;
			shellScript = "\"${SRCROOT}/Pods/Target Support Files/Pods-Makestagram/Pods-Makestagram-frameworks.sh\"\n";
			showEnvVarsInLog = 0;
		};
		F88896C2F6959C7837CEF313 /* [CP] Copy Pods Resources */ = {
			isa = PBXShellScriptBuildPhase;
			buildActionMask = 2147483647;
			files = (
			);
			inputPaths = (
			);
			name = "[CP] Copy Pods Resources";
			outputPaths = (
			);
			runOnlyForDeploymentPostprocessing = 0;
			shellPath = /bin/sh;
			shellScript = "\"${SRCROOT}/Pods/Target Support Files/Pods-Makestagram/Pods-Makestagram-resources.sh\"\n";
			showEnvVarsInLog = 0;
		};
/* End PBXShellScriptBuildPhase section */

/* Begin PBXSourcesBuildPhase section */
		60CA72BC1EFC4B3E00A8F8D2 /* Sources */ = {
			isa = PBXSourcesBuildPhase;
			buildActionMask = 2147483647;
			files = (
				60CA72ED1EFC84CD00A8F8D2 /* User.swift in Sources */,
				60F0660C1F01A233005454C1 /* StorageService.swift in Sources */,
				60CA72E71EFC5CE700A8F8D2 /* LoginViewController.swift in Sources */,
				60F066061F017973005454C1 /* MainTabBarController.swift in Sources */,
				601993701EFD76C4002DB9A6 /* UserService.swift in Sources */,
				60F066101F01AC99005454C1 /* Post.swift in Sources */,
				60F066121F01B347005454C1 /* UIImage+Size.swift in Sources */,
				600737201EFDE0BC0038BDEB /* HomeViewController.swift in Sources */,
				60F066091F017DE2005454C1 /* MGPhotoHelper.swift in Sources */,
				601993751EFD98B4002DB9A6 /* Storyboard+Utility.swift in Sources */,
				600737221EFDE0CD0038BDEB /* FindFriendsViewController.swift in Sources */,
				60F066141F01B448005454C1 /* StorageReference+Post.swift in Sources */,
				601993731EFD94A4002DB9A6 /* Constants.swift in Sources */,
				60F0660E1F01A8D5005454C1 /* PostService.swift in Sources */,
				60CA72F01EFC8F1800A8F8D2 /* CreateUsernameViewController.swift in Sources */,
				60CA72C41EFC4B3E00A8F8D2 /* AppDelegate.swift in Sources */,
			);
			runOnlyForDeploymentPostprocessing = 0;
		};
/* End PBXSourcesBuildPhase section */

/* Begin XCBuildConfiguration section */
		60CA72D01EFC4B3E00A8F8D2 /* Debug */ = {
			isa = XCBuildConfiguration;
			buildSettings = {
				ALWAYS_SEARCH_USER_PATHS = NO;
				CLANG_ANALYZER_NONNULL = YES;
				CLANG_ANALYZER_NUMBER_OBJECT_CONVERSION = YES_AGGRESSIVE;
				CLANG_CXX_LANGUAGE_STANDARD = "gnu++0x";
				CLANG_CXX_LIBRARY = "libc++";
				CLANG_ENABLE_MODULES = YES;
				CLANG_ENABLE_OBJC_ARC = YES;
				CLANG_WARN_BOOL_CONVERSION = YES;
				CLANG_WARN_CONSTANT_CONVERSION = YES;
				CLANG_WARN_DIRECT_OBJC_ISA_USAGE = YES_ERROR;
				CLANG_WARN_DOCUMENTATION_COMMENTS = YES;
				CLANG_WARN_EMPTY_BODY = YES;
				CLANG_WARN_ENUM_CONVERSION = YES;
				CLANG_WARN_INFINITE_RECURSION = YES;
				CLANG_WARN_INT_CONVERSION = YES;
				CLANG_WARN_OBJC_ROOT_CLASS = YES_ERROR;
				CLANG_WARN_SUSPICIOUS_MOVE = YES;
				CLANG_WARN_UNREACHABLE_CODE = YES;
				CLANG_WARN__DUPLICATE_METHOD_MATCH = YES;
				"CODE_SIGN_IDENTITY[sdk=iphoneos*]" = "iPhone Developer";
				COPY_PHASE_STRIP = NO;
				DEBUG_INFORMATION_FORMAT = dwarf;
				ENABLE_STRICT_OBJC_MSGSEND = YES;
				ENABLE_TESTABILITY = YES;
				GCC_C_LANGUAGE_STANDARD = gnu99;
				GCC_DYNAMIC_NO_PIC = NO;
				GCC_NO_COMMON_BLOCKS = YES;
				GCC_OPTIMIZATION_LEVEL = 0;
				GCC_PREPROCESSOR_DEFINITIONS = (
					"DEBUG=1",
					"$(inherited)",
				);
				GCC_WARN_64_TO_32_BIT_CONVERSION = YES;
				GCC_WARN_ABOUT_RETURN_TYPE = YES_ERROR;
				GCC_WARN_UNDECLARED_SELECTOR = YES;
				GCC_WARN_UNINITIALIZED_AUTOS = YES_AGGRESSIVE;
				GCC_WARN_UNUSED_FUNCTION = YES;
				GCC_WARN_UNUSED_VARIABLE = YES;
				IPHONEOS_DEPLOYMENT_TARGET = 10.3;
				MTL_ENABLE_DEBUG_INFO = YES;
				ONLY_ACTIVE_ARCH = YES;
				SDKROOT = iphoneos;
				SWIFT_ACTIVE_COMPILATION_CONDITIONS = DEBUG;
				SWIFT_OPTIMIZATION_LEVEL = "-Onone";
			};
			name = Debug;
		};
		60CA72D11EFC4B3E00A8F8D2 /* Release */ = {
			isa = XCBuildConfiguration;
			buildSettings = {
				ALWAYS_SEARCH_USER_PATHS = NO;
				CLANG_ANALYZER_NONNULL = YES;
				CLANG_ANALYZER_NUMBER_OBJECT_CONVERSION = YES_AGGRESSIVE;
				CLANG_CXX_LANGUAGE_STANDARD = "gnu++0x";
				CLANG_CXX_LIBRARY = "libc++";
				CLANG_ENABLE_MODULES = YES;
				CLANG_ENABLE_OBJC_ARC = YES;
				CLANG_WARN_BOOL_CONVERSION = YES;
				CLANG_WARN_CONSTANT_CONVERSION = YES;
				CLANG_WARN_DIRECT_OBJC_ISA_USAGE = YES_ERROR;
				CLANG_WARN_DOCUMENTATION_COMMENTS = YES;
				CLANG_WARN_EMPTY_BODY = YES;
				CLANG_WARN_ENUM_CONVERSION = YES;
				CLANG_WARN_INFINITE_RECURSION = YES;
				CLANG_WARN_INT_CONVERSION = YES;
				CLANG_WARN_OBJC_ROOT_CLASS = YES_ERROR;
				CLANG_WARN_SUSPICIOUS_MOVE = YES;
				CLANG_WARN_UNREACHABLE_CODE = YES;
				CLANG_WARN__DUPLICATE_METHOD_MATCH = YES;
				"CODE_SIGN_IDENTITY[sdk=iphoneos*]" = "iPhone Developer";
				COPY_PHASE_STRIP = NO;
				DEBUG_INFORMATION_FORMAT = "dwarf-with-dsym";
				ENABLE_NS_ASSERTIONS = NO;
				ENABLE_STRICT_OBJC_MSGSEND = YES;
				GCC_C_LANGUAGE_STANDARD = gnu99;
				GCC_NO_COMMON_BLOCKS = YES;
				GCC_WARN_64_TO_32_BIT_CONVERSION = YES;
				GCC_WARN_ABOUT_RETURN_TYPE = YES_ERROR;
				GCC_WARN_UNDECLARED_SELECTOR = YES;
				GCC_WARN_UNINITIALIZED_AUTOS = YES_AGGRESSIVE;
				GCC_WARN_UNUSED_FUNCTION = YES;
				GCC_WARN_UNUSED_VARIABLE = YES;
				IPHONEOS_DEPLOYMENT_TARGET = 10.3;
				MTL_ENABLE_DEBUG_INFO = NO;
				SDKROOT = iphoneos;
				SWIFT_OPTIMIZATION_LEVEL = "-Owholemodule";
				VALIDATE_PRODUCT = YES;
			};
			name = Release;
		};
		60CA72D31EFC4B3E00A8F8D2 /* Debug */ = {
			isa = XCBuildConfiguration;
			baseConfigurationReference = DCB80F82E8D02AE928C44E1A /* Pods-Makestagram.debug.xcconfig */;
			buildSettings = {
				ASSETCATALOG_COMPILER_APPICON_NAME = AppIcon;
				DEVELOPMENT_TEAM = VC465BEP2A;
				INFOPLIST_FILE = "$(SRCROOT)/Makestagram/Supporting/Info.plist";
				LD_RUNPATH_SEARCH_PATHS = "$(inherited) @executable_path/Frameworks";
				PRODUCT_BUNDLE_IDENTIFIER = com.jacobkim.Makestagram;
				PRODUCT_NAME = "$(TARGET_NAME)";
				SWIFT_VERSION = 3.0;
			};
			name = Debug;
		};
		60CA72D41EFC4B3E00A8F8D2 /* Release */ = {
			isa = XCBuildConfiguration;
			baseConfigurationReference = 1F5A937F0BE93B02C93AF9F5 /* Pods-Makestagram.release.xcconfig */;
			buildSettings = {
				ASSETCATALOG_COMPILER_APPICON_NAME = AppIcon;
				DEVELOPMENT_TEAM = VC465BEP2A;
				INFOPLIST_FILE = "$(SRCROOT)/Makestagram/Supporting/Info.plist";
				LD_RUNPATH_SEARCH_PATHS = "$(inherited) @executable_path/Frameworks";
				PRODUCT_BUNDLE_IDENTIFIER = com.jacobkim.Makestagram;
				PRODUCT_NAME = "$(TARGET_NAME)";
				SWIFT_VERSION = 3.0;
			};
			name = Release;
		};
/* End XCBuildConfiguration section */

/* Begin XCConfigurationList section */
		60CA72BB1EFC4B3E00A8F8D2 /* Build configuration list for PBXProject "Makestagram" */ = {
			isa = XCConfigurationList;
			buildConfigurations = (
				60CA72D01EFC4B3E00A8F8D2 /* Debug */,
				60CA72D11EFC4B3E00A8F8D2 /* Release */,
			);
			defaultConfigurationIsVisible = 0;
			defaultConfigurationName = Release;
		};
		60CA72D21EFC4B3E00A8F8D2 /* Build configuration list for PBXNativeTarget "Makestagram" */ = {
			isa = XCConfigurationList;
			buildConfigurations = (
				60CA72D31EFC4B3E00A8F8D2 /* Debug */,
				60CA72D41EFC4B3E00A8F8D2 /* Release */,
			);
			defaultConfigurationIsVisible = 0;
			defaultConfigurationName = Release;
		};
/* End XCConfigurationList section */
	};
	rootObject = 60CA72B81EFC4B3E00A8F8D2 /* Project object */;
}
